
Microsoft Visual Studio Solution File, Format Version 12.00
# Visual Studio 2013
Project("{FAE04EC0-301F-11D3-BF4B-00C04F79EFBC}") = "UnityVS.AGHE04.CSharp", "UnityVS.AGHE04.CSharp.csproj", "{0D07ACAE-8068-6D95-2957-883956ACE860}"
EndProject
Project("{FAE04EC0-301F-11D3-BF4B-00C04F79EFBC}") = "UnityVS.AGHE04.CSharp.Editor", "UnityVS.AGHE04.CSharp.Editor.csproj", "{EE471281-ED7B-0378-8ECB-1EA10A5F132D}"
EndProject
Global
	GlobalSection(SolutionConfigurationPlatforms) = preSolution
		Debug|Any CPU = Debug|Any CPU
		Release|Any CPU = Release|Any CPU
	EndGlobalSection
	GlobalSection(ProjectConfigurationPlatforms) = postSolution
		{0D07ACAE-8068-6D95-2957-883956ACE860}.Debug|Any CPU.ActiveCfg = Debug|Any CPU
		{0D07ACAE-8068-6D95-2957-883956ACE860}.Debug|Any CPU.Build.0 = Debug|Any CPU
		{0D07ACAE-8068-6D95-2957-883956ACE860}.Release|Any CPU.ActiveCfg = Release|Any CPU
		{0D07ACAE-8068-6D95-2957-883956ACE860}.Release|Any CPU.Build.0 = Release|Any CPU
		{EE471281-ED7B-0378-8ECB-1EA10A5F132D}.Debug|Any CPU.ActiveCfg = Debug|Any CPU
		{EE471281-ED7B-0378-8ECB-1EA10A5F132D}.Debug|Any CPU.Build.0 = Debug|Any CPU
		{EE471281-ED7B-0378-8ECB-1EA10A5F132D}.Release|Any CPU.ActiveCfg = Release|Any CPU
		{EE471281-ED7B-0378-8ECB-1EA10A5F132D}.Release|Any CPU.Build.0 = Release|Any CPU
	EndGlobalSection
	GlobalSection(SolutionProperties) = preSolution
		HideSolutionNode = FALSE
	EndGlobalSection
EndGlobal
